hash: 33ea061e13e837d2a5df201bf6f01e13c725f0842030eb98a065fcbc4dcd24c2
updated: 2019-05-19T19:26:27.165061+08:00
imports:
- name: github.com/andybalholm/cascadia
  version: 901648c87902174f774fac311d7f176f8647bdaa
- name: github.com/djimenez/iconv-go
  version: 8960e66bd3dacbc8773962b40eb82fc18c63c127
- name: github.com/PuerkitoBio/goquery
  version: 2d2796f41742ece03e8086188fa4db16a3a0b458
- name: github.com/stretchr/testify
  version: ffdc059bfe9ce6a4e144ba849dbedead332c6053
  subpackages:
  - assert
- name: golang.org/x/net
  version: 3ec19112720433827bbce8be9342797f5a6aaaf9
  subpackages:
  - html
  - html/atom
testImports: []
